
Microsoft Visual Studio Solution File, Format Version 12.00
# Visual Studio Version 17
VisualStudioVersion = 17.4.33122.133
MinimumVisualStudioVersion = 10.0.40219.1
Project("{FAE04EC0-301F-11D3-BF4B-00C04F79EFBC}") = "numberguesser", "numberguesser\numberguesser.csproj", "{EE4EE507-BC39-4E67-90F0-47AF9091550A}"
EndProject
Global
	GlobalSection(SolutionConfigurationPlatforms) = preSolution
		Debug|Any CPU = Debug|Any CPU
		Release|Any CPU = Release|Any CPU
	EndGlobalSection
	GlobalSection(ProjectConfigurationPlatforms) = postSolution
		{EE4EE507-BC39-4E67-90F0-47AF9091550A}.Debug|Any CPU.ActiveCfg = Debug|Any CPU
		{EE4EE507-BC39-4E67-90F0-47AF9091550A}.Debug|Any CPU.Build.0 = Debug|Any CPU
		{EE4EE507-BC39-4E67-90F0-47AF9091550A}.Release|Any CPU.ActiveCfg = Release|Any CPU
		{EE4EE507-BC39-4E67-90F0-47AF9091550A}.Release|Any CPU.Build.0 = Release|Any CPU
	EndGlobalSection
	GlobalSection(SolutionProperties) = preSolution
		HideSolutionNode = FALSE
	EndGlobalSection
	GlobalSection(ExtensibilityGlobals) = postSolution
		SolutionGuid = {541F2C72-B519-47B4-9E83-0E3401F3F8AC}
	EndGlobalSection
EndGlobal
